{
  "version": "5",
  "specifiers": {
    "npm:parse5@8.0.0": "8.0.0"
  },
  "npm": {
    "entities@6.0.1": {
      "integrity": "sha512-aN97NXWF6AWBTahfVOIrB/NShkzi5H7F9r1s9mD3cDj4Ko5f2qhhVoYMibXF7GlLveb/D2ioWay8lxI97Ven3g=="
    },
    "parse5@8.0.0": {
      "integrity": "sha512-9m4m5GSgXjL4AjumKzq1Fgfp3Z8rsvjRNbnkVwfu2ImRqE5D0LnY2QfDen18FSY9C573YU5XxSapdHZTZ2WolA==",
      "dependencies": [
        "entities"
      ]
    }
  },
  "workspace": {
    "dependencies": [
      "npm:parse5@8.0.0"
    ]
  }
}
